
Microsoft Visual Studio Solution File, Format Version 12.00
# Visual Studio Version 16
VisualStudioVersion = 16.0.31911.196
MinimumVisualStudioVersion = 10.0.40219.1
Project("{FAE04EC0-301F-11D3-BF4B-00C04F79EFBC}") = "AppTestOrdering.Android", "AppTestOrdering\AppTestOrdering.Android\AppTestOrdering.Android.csproj", "{C560FE5B-11BD-4151-91BF-33E2083E0FC6}"
EndProject
Project("{FAE04EC0-301F-11D3-BF4B-00C04F79EFBC}") = "AppTestOrdering.iOS", "AppTestOrdering\AppTestOrdering.iOS\AppTestOrdering.iOS.csproj", "{6B6808DE-6AB9-4E38-A102-A8D3837E7020}"
EndProject
Project("{FAE04EC0-301F-11D3-BF4B-00C04F79EFBC}") = "AppTestOrdering", "AppTestOrdering\AppTestOrdering\AppTestOrdering.csproj", "{B1917890-16B5-4E1A-9A43-027C12473585}"
EndProject
Global
	GlobalSection(SolutionConfigurationPlatforms) = preSolution
		Debug|Any CPU = Debug|Any CPU
		Debug|iPhone = Debug|iPhone
		Debug|iPhoneSimulator = Debug|iPhoneSimulator
		Release|Any CPU = Release|Any CPU
		Release|iPhone = Release|iPhone
		Release|iPhoneSimulator = Release|iPhoneSimulator
	EndGlobalSection
	GlobalSection(ProjectConfigurationPlatforms) = postSolution
		{C560FE5B-11BD-4151-91BF-33E2083E0FC6}.Debug|Any CPU.ActiveCfg = Debug|Any CPU
		{C560FE5B-11BD-4151-91BF-33E2083E0FC6}.Debug|Any CPU.Build.0 = Debug|Any CPU
		{C560FE5B-11BD-4151-91BF-33E2083E0FC6}.Debug|Any CPU.Deploy.0 = Debug|Any CPU
		{C560FE5B-11BD-4151-91BF-33E2083E0FC6}.Debug|iPhone.ActiveCfg = Debug|Any CPU
		{C560FE5B-11BD-4151-91BF-33E2083E0FC6}.Debug|iPhone.Build.0 = Debug|Any CPU
		{C560FE5B-11BD-4151-91BF-33E2083E0FC6}.Debug|iPhone.Deploy.0 = Debug|Any CPU
		{C560FE5B-11BD-4151-91BF-33E2083E0FC6}.Debug|iPhoneSimulator.ActiveCfg = Debug|Any CPU
		{C560FE5B-11BD-4151-91BF-33E2083E0FC6}.Debug|iPhoneSimulator.Build.0 = Debug|Any CPU
		{C560FE5B-11BD-4151-91BF-33E2083E0FC6}.Debug|iPhoneSimulator.Deploy.0 = Debug|Any CPU
		{C560FE5B-11BD-4151-91BF-33E2083E0FC6}.Release|Any CPU.ActiveCfg = Release|Any CPU
		{C560FE5B-11BD-4151-91BF-33E2083E0FC6}.Release|Any CPU.Build.0 = Release|Any CPU
		{C560FE5B-11BD-4151-91BF-33E2083E0FC6}.Release|Any CPU.Deploy.0 = Release|Any CPU
		{C560FE5B-11BD-4151-91BF-33E2083E0FC6}.Release|iPhone.ActiveCfg = Release|Any CPU
		{C560FE5B-11BD-4151-91BF-33E2083E0FC6}.Release|iPhone.Build.0 = Release|Any CPU
		{C560FE5B-11BD-4151-91BF-33E2083E0FC6}.Release|iPhone.Deploy.0 = Release|Any CPU
		{C560FE5B-11BD-4151-91BF-33E2083E0FC6}.Release|iPhoneSimulator.ActiveCfg = Release|Any CPU
		{C560FE5B-11BD-4151-91BF-33E2083E0FC6}.Release|iPhoneSimulator.Build.0 = Release|Any CPU
		{C560FE5B-11BD-4151-91BF-33E2083E0FC6}.Release|iPhoneSimulator.Deploy.0 = Release|Any CPU
		{6B6808DE-6AB9-4E38-A102-A8D3837E7020}.Debug|Any CPU.ActiveCfg = Debug|iPhone
		{6B6808DE-6AB9-4E38-A102-A8D3837E7020}.Debug|Any CPU.Build.0 = Debug|iPhone
		{6B6808DE-6AB9-4E38-A102-A8D3837E7020}.Debug|Any CPU.Deploy.0 = Debug|iPhone
		{6B6808DE-6AB9-4E38-A102-A8D3837E7020}.Debug|iPhone.ActiveCfg = Debug|iPhone
		{6B6808DE-6AB9-4E38-A102-A8D3837E7020}.Debug|iPhone.Build.0 = Debug|iPhone
		{6B6808DE-6AB9-4E38-A102-A8D3837E7020}.Debug|iPhone.Deploy.0 = Debug|iPhone
		{6B6808DE-6AB9-4E38-A102-A8D3837E7020}.Debug|iPhoneSimulator.ActiveCfg = Debug|iPhoneSimulator
		{6B6808DE-6AB9-4E38-A102-A8D3837E7020}.Debug|iPhoneSimulator.Build.0 = Debug|iPhoneSimulator
		{6B6808DE-6AB9-4E38-A102-A8D3837E7020}.Debug|iPhoneSimulator.Deploy.0 = Debug|iPhoneSimulator
		{6B6808DE-6AB9-4E38-A102-A8D3837E7020}.Release|Any CPU.ActiveCfg = Release|iPhoneSimulator
		{6B6808DE-6AB9-4E38-A102-A8D3837E7020}.Release|Any CPU.Build.0 = Release|iPhoneSimulator
		{6B6808DE-6AB9-4E38-A102-A8D3837E7020}.Release|Any CPU.Deploy.0 = Release|iPhoneSimulator
		{6B6808DE-6AB9-4E38-A102-A8D3837E7020}.Release|iPhone.ActiveCfg = Release|iPhone
		{6B6808DE-6AB9-4E38-A102-A8D3837E7020}.Release|iPhone.Build.0 = Release|iPhone
		{6B6808DE-6AB9-4E38-A102-A8D3837E7020}.Release|iPhone.Deploy.0 = Release|iPhone
		{6B6808DE-6AB9-4E38-A102-A8D3837E7020}.Release|iPhoneSimulator.ActiveCfg = Release|iPhoneSimulator
		{6B6808DE-6AB9-4E38-A102-A8D3837E7020}.Release|iPhoneSimulator.Build.0 = Release|iPhoneSimulator
		{6B6808DE-6AB9-4E38-A102-A8D3837E7020}.Release|iPhoneSimulator.Deploy.0 = Release|iPhoneSimulator
		{B1917890-16B5-4E1A-9A43-027C12473585}.Debug|Any CPU.ActiveCfg = Debug|Any CPU
		{B1917890-16B5-4E1A-9A43-027C12473585}.Debug|Any CPU.Build.0 = Debug|Any CPU
		{B1917890-16B5-4E1A-9A43-027C12473585}.Debug|Any CPU.Deploy.0 = Debug|Any CPU
		{B1917890-16B5-4E1A-9A43-027C12473585}.Debug|iPhone.ActiveCfg = Debug|Any CPU
		{B1917890-16B5-4E1A-9A43-027C12473585}.Debug|iPhone.Build.0 = Debug|Any CPU
		{B1917890-16B5-4E1A-9A43-027C12473585}.Debug|iPhone.Deploy.0 = Debug|Any CPU
		{B1917890-16B5-4E1A-9A43-027C12473585}.Debug|iPhoneSimulator.ActiveCfg = Debug|Any CPU
		{B1917890-16B5-4E1A-9A43-027C12473585}.Debug|iPhoneSimulator.Build.0 = Debug|Any CPU
		{B1917890-16B5-4E1A-9A43-027C12473585}.Debug|iPhoneSimulator.Deploy.0 = Debug|Any CPU
		{B1917890-16B5-4E1A-9A43-027C12473585}.Release|Any CPU.ActiveCfg = Release|Any CPU
		{B1917890-16B5-4E1A-9A43-027C12473585}.Release|Any CPU.Build.0 = Release|Any CPU
		{B1917890-16B5-4E1A-9A43-027C12473585}.Release|Any CPU.Deploy.0 = Release|Any CPU
		{B1917890-16B5-4E1A-9A43-027C12473585}.Release|iPhone.ActiveCfg = Release|Any CPU
		{B1917890-16B5-4E1A-9A43-027C12473585}.Release|iPhone.Build.0 = Release|Any CPU
		{B1917890-16B5-4E1A-9A43-027C12473585}.Release|iPhone.Deploy.0 = Release|Any CPU
		{B1917890-16B5-4E1A-9A43-027C12473585}.Release|iPhoneSimulator.ActiveCfg = Release|Any CPU
		{B1917890-16B5-4E1A-9A43-027C12473585}.Release|iPhoneSimulator.Build.0 = Release|Any CPU
		{B1917890-16B5-4E1A-9A43-027C12473585}.Release|iPhoneSimulator.Deploy.0 = Release|Any CPU
	EndGlobalSection
	GlobalSection(SolutionProperties) = preSolution
		HideSolutionNode = FALSE
	EndGlobalSection
	GlobalSection(ExtensibilityGlobals) = postSolution
		SolutionGuid = {2766C3C8-BFAA-4569-BC9C-E34C473E25BC}
	EndGlobalSection
EndGlobal
